
Microsoft Visual Studio Solution File, Format Version 12.00
# Visual Studio 15
VisualStudioVersion = 15.0.27004.2005
MinimumVisualStudioVersion = 10.0.40219.1
Project("{FAE04EC0-301F-11D3-BF4B-00C04F79EFBC}") = "JdSuite.Common", "Library\JdSuite.Common\JdSuite.Common.csproj", "{82420440-BB28-424C-BD1D-BD8AB4BEA33D}"
EndProject
Project("{FAE04EC0-301F-11D3-BF4B-00C04F79EFBC}") = "AppWorkflow", "MainApp\AppWorkflow\AppWorkflow.csproj", "{0284249B-6B59-4D2F-87CF-6B9AE09BD843}"
	ProjectSection(ProjectDependencies) = postProject
		{22657109-71BE-4481-99CD-38AF85904DBE} = {22657109-71BE-4481-99CD-38AF85904DBE}
		{1BAB1B2E-0C3E-41CD-A98D-2A74D767482E} = {1BAB1B2E-0C3E-41CD-A98D-2A74D767482E}
		{2EFE526F-79B3-49BC-9575-A7B258C59BB5} = {2EFE526F-79B3-49BC-9575-A7B258C59BB5}
		{4B43EDAA-5EF1-4B46-A602-555E9485E944} = {4B43EDAA-5EF1-4B46-A602-555E9485E944}
		{059DC6C7-59C6-4ADF-8960-976A02E7498E} = {059DC6C7-59C6-4ADF-8960-976A02E7498E}
		{92D5C6F1-0E00-4490-B7DC-024E114BA147} = {92D5C6F1-0E00-4490-B7DC-024E114BA147}
	EndProjectSection
EndProject
Project("{FAE04EC0-301F-11D3-BF4B-00C04F79EFBC}") = "Designer", "Plugin\Designer\Designer.csproj", "{1BAB1B2E-0C3E-41CD-A98D-2A74D767482E}"
EndProject
Project("{FAE04EC0-301F-11D3-BF4B-00C04F79EFBC}") = "XML Converter", "Plugin\XML Converter\XML Converter.csproj", "{4B43EDAA-5EF1-4B46-A602-555E9485E944}"
EndProject
Project("{FAE04EC0-301F-11D3-BF4B-00C04F79EFBC}") = "ExpandableGridView", "Library\ExpandableGridView\ExpandableGridView.csproj", "{2EFE526F-79B3-49BC-9575-A7B258C59BB5}"
EndProject
Project("{FAE04EC0-301F-11D3-BF4B-00C04F79EFBC}") = "ColorPicker", "Library\ColorPicker\ColorPicker.csproj", "{059DC6C7-59C6-4ADF-8960-976A02E7498E}"
EndProject
Project("{FAE04EC0-301F-11D3-BF4B-00C04F79EFBC}") = "ScriptingApp", "Plugin\Scripting App\ScriptingApp.csproj", "{22657109-71BE-4481-99CD-38AF85904DBE}"
EndProject
Project("{FAE04EC0-301F-11D3-BF4B-00C04F79EFBC}") = "CSVRealese", "Plugin\CSVRealese\CSVRealese.csproj", "{92D5C6F1-0E00-4490-B7DC-024E114BA147}"
EndProject
Project("{2150E333-8FDC-42A3-9474-1A3956D46DE8}") = "MainApp", "MainApp", "{20D02CE5-3A59-4D5B-BCFE-50594C753E2F}"
EndProject
Project("{2150E333-8FDC-42A3-9474-1A3956D46DE8}") = "Plugin", "Plugin", "{BC6C2A37-0E40-4D65-BE82-9E8E90314F6B}"
EndProject
Project("{2150E333-8FDC-42A3-9474-1A3956D46DE8}") = "Library", "Library", "{C6E562FD-E4B3-45CC-9CD4-8B8AE098FC06}"
EndProject
Project("{2150E333-8FDC-42A3-9474-1A3956D46DE8}") = "Installer", "Installer", "{263D5622-F857-47D6-8E37-0CDDA75032A9}"
EndProject
Project("{FAE04EC0-301F-11D3-BF4B-00C04F79EFBC}") = "DataOutput", "Plugin\DataOutput\DataOutput.csproj", "{A9B8ECC6-6229-4981-B952-DDE67D22396F}"
EndProject
Project("{FAE04EC0-301F-11D3-BF4B-00C04F79EFBC}") = "TreeListView", "Library\TreeListView\TreeListView.csproj", "{B23E2725-AA04-4D22-8105-3C3DFE583781}"
EndProject
Project("{FAE04EC0-301F-11D3-BF4B-00C04F79EFBC}") = "DataSorter", "Plugin\DataSorter\DataSorter.csproj", "{D3D9D0CE-6903-4B89-9A95-4C7CD1EE2EB9}"
EndProject
Project("{FAE04EC0-301F-11D3-BF4B-00C04F79EFBC}") = "DataFilter", "Plugin\DataFilter\DataFilter.csproj", "{4EE06052-D102-49AF-B2A2-02F5A00D394E}"
EndProject
Project("{FAE04EC0-301F-11D3-BF4B-00C04F79EFBC}") = "TestHarness", "TestHarness\TestHarness.csproj", "{6D06C5A2-FB4A-49D6-83EA-F38E16775717}"
EndProject
Global
	GlobalSection(SolutionConfigurationPlatforms) = preSolution
		Debug|Any CPU = Debug|Any CPU
		Release|Any CPU = Release|Any CPU
	EndGlobalSection
	GlobalSection(ProjectConfigurationPlatforms) = postSolution
		{82420440-BB28-424C-BD1D-BD8AB4BEA33D}.Debug|Any CPU.ActiveCfg = Debug|Any CPU
		{82420440-BB28-424C-BD1D-BD8AB4BEA33D}.Debug|Any CPU.Build.0 = Debug|Any CPU
		{82420440-BB28-424C-BD1D-BD8AB4BEA33D}.Release|Any CPU.ActiveCfg = Release|Any CPU
		{82420440-BB28-424C-BD1D-BD8AB4BEA33D}.Release|Any CPU.Build.0 = Release|Any CPU
		{0284249B-6B59-4D2F-87CF-6B9AE09BD843}.Debug|Any CPU.ActiveCfg = Debug|Any CPU
		{0284249B-6B59-4D2F-87CF-6B9AE09BD843}.Debug|Any CPU.Build.0 = Debug|Any CPU
		{0284249B-6B59-4D2F-87CF-6B9AE09BD843}.Release|Any CPU.ActiveCfg = Release|Any CPU
		{0284249B-6B59-4D2F-87CF-6B9AE09BD843}.Release|Any CPU.Build.0 = Release|Any CPU
		{1BAB1B2E-0C3E-41CD-A98D-2A74D767482E}.Debug|Any CPU.ActiveCfg = Debug|Any CPU
		{1BAB1B2E-0C3E-41CD-A98D-2A74D767482E}.Debug|Any CPU.Build.0 = Debug|Any CPU
		{1BAB1B2E-0C3E-41CD-A98D-2A74D767482E}.Release|Any CPU.ActiveCfg = Release|Any CPU
		{1BAB1B2E-0C3E-41CD-A98D-2A74D767482E}.Release|Any CPU.Build.0 = Release|Any CPU
		{4B43EDAA-5EF1-4B46-A602-555E9485E944}.Debug|Any CPU.ActiveCfg = Debug|Any CPU
		{4B43EDAA-5EF1-4B46-A602-555E9485E944}.Debug|Any CPU.Build.0 = Debug|Any CPU
		{4B43EDAA-5EF1-4B46-A602-555E9485E944}.Release|Any CPU.ActiveCfg = Release|Any CPU
		{4B43EDAA-5EF1-4B46-A602-555E9485E944}.Release|Any CPU.Build.0 = Release|Any CPU
		{2EFE526F-79B3-49BC-9575-A7B258C59BB5}.Debug|Any CPU.ActiveCfg = Debug|Any CPU
		{2EFE526F-79B3-49BC-9575-A7B258C59BB5}.Debug|Any CPU.Build.0 = Debug|Any CPU
		{2EFE526F-79B3-49BC-9575-A7B258C59BB5}.Release|Any CPU.ActiveCfg = Release|Any CPU
		{2EFE526F-79B3-49BC-9575-A7B258C59BB5}.Release|Any CPU.Build.0 = Release|Any CPU
		{059DC6C7-59C6-4ADF-8960-976A02E7498E}.Debug|Any CPU.ActiveCfg = Debug|Any CPU
		{059DC6C7-59C6-4ADF-8960-976A02E7498E}.Debug|Any CPU.Build.0 = Debug|Any CPU
		{059DC6C7-59C6-4ADF-8960-976A02E7498E}.Release|Any CPU.ActiveCfg = Release|Any CPU
		{059DC6C7-59C6-4ADF-8960-976A02E7498E}.Release|Any CPU.Build.0 = Release|Any CPU
		{22657109-71BE-4481-99CD-38AF85904DBE}.Debug|Any CPU.ActiveCfg = Debug|Any CPU
		{22657109-71BE-4481-99CD-38AF85904DBE}.Debug|Any CPU.Build.0 = Debug|Any CPU
		{22657109-71BE-4481-99CD-38AF85904DBE}.Release|Any CPU.ActiveCfg = Release|Any CPU
		{22657109-71BE-4481-99CD-38AF85904DBE}.Release|Any CPU.Build.0 = Release|Any CPU
		{92D5C6F1-0E00-4490-B7DC-024E114BA147}.Debug|Any CPU.ActiveCfg = Debug|Any CPU
		{92D5C6F1-0E00-4490-B7DC-024E114BA147}.Debug|Any CPU.Build.0 = Debug|Any CPU
		{92D5C6F1-0E00-4490-B7DC-024E114BA147}.Release|Any CPU.ActiveCfg = Release|Any CPU
		{92D5C6F1-0E00-4490-B7DC-024E114BA147}.Release|Any CPU.Build.0 = Release|Any CPU
		{A9B8ECC6-6229-4981-B952-DDE67D22396F}.Debug|Any CPU.ActiveCfg = Debug|Any CPU
		{A9B8ECC6-6229-4981-B952-DDE67D22396F}.Debug|Any CPU.Build.0 = Debug|Any CPU
		{A9B8ECC6-6229-4981-B952-DDE67D22396F}.Release|Any CPU.ActiveCfg = Release|Any CPU
		{A9B8ECC6-6229-4981-B952-DDE67D22396F}.Release|Any CPU.Build.0 = Release|Any CPU
		{B23E2725-AA04-4D22-8105-3C3DFE583781}.Debug|Any CPU.ActiveCfg = Debug|Any CPU
		{B23E2725-AA04-4D22-8105-3C3DFE583781}.Debug|Any CPU.Build.0 = Debug|Any CPU
		{B23E2725-AA04-4D22-8105-3C3DFE583781}.Release|Any CPU.ActiveCfg = Release|Any CPU
		{B23E2725-AA04-4D22-8105-3C3DFE583781}.Release|Any CPU.Build.0 = Release|Any CPU
		{D3D9D0CE-6903-4B89-9A95-4C7CD1EE2EB9}.Debug|Any CPU.ActiveCfg = Debug|Any CPU
		{D3D9D0CE-6903-4B89-9A95-4C7CD1EE2EB9}.Debug|Any CPU.Build.0 = Debug|Any CPU
		{D3D9D0CE-6903-4B89-9A95-4C7CD1EE2EB9}.Release|Any CPU.ActiveCfg = Release|Any CPU
		{D3D9D0CE-6903-4B89-9A95-4C7CD1EE2EB9}.Release|Any CPU.Build.0 = Release|Any CPU
		{4EE06052-D102-49AF-B2A2-02F5A00D394E}.Debug|Any CPU.ActiveCfg = Debug|Any CPU
		{4EE06052-D102-49AF-B2A2-02F5A00D394E}.Debug|Any CPU.Build.0 = Debug|Any CPU
		{4EE06052-D102-49AF-B2A2-02F5A00D394E}.Release|Any CPU.ActiveCfg = Release|Any CPU
		{4EE06052-D102-49AF-B2A2-02F5A00D394E}.Release|Any CPU.Build.0 = Release|Any CPU
		{6D06C5A2-FB4A-49D6-83EA-F38E16775717}.Debug|Any CPU.ActiveCfg = Debug|Any CPU
		{6D06C5A2-FB4A-49D6-83EA-F38E16775717}.Debug|Any CPU.Build.0 = Debug|Any CPU
		{6D06C5A2-FB4A-49D6-83EA-F38E16775717}.Release|Any CPU.ActiveCfg = Release|Any CPU
		{6D06C5A2-FB4A-49D6-83EA-F38E16775717}.Release|Any CPU.Build.0 = Release|Any CPU
	EndGlobalSection
	GlobalSection(SolutionProperties) = preSolution
		HideSolutionNode = FALSE
	EndGlobalSection
	GlobalSection(NestedProjects) = preSolution
		{82420440-BB28-424C-BD1D-BD8AB4BEA33D} = {C6E562FD-E4B3-45CC-9CD4-8B8AE098FC06}
		{0284249B-6B59-4D2F-87CF-6B9AE09BD843} = {20D02CE5-3A59-4D5B-BCFE-50594C753E2F}
		{1BAB1B2E-0C3E-41CD-A98D-2A74D767482E} = {BC6C2A37-0E40-4D65-BE82-9E8E90314F6B}
		{4B43EDAA-5EF1-4B46-A602-555E9485E944} = {BC6C2A37-0E40-4D65-BE82-9E8E90314F6B}
		{2EFE526F-79B3-49BC-9575-A7B258C59BB5} = {C6E562FD-E4B3-45CC-9CD4-8B8AE098FC06}
		{059DC6C7-59C6-4ADF-8960-976A02E7498E} = {C6E562FD-E4B3-45CC-9CD4-8B8AE098FC06}
		{22657109-71BE-4481-99CD-38AF85904DBE} = {BC6C2A37-0E40-4D65-BE82-9E8E90314F6B}
		{92D5C6F1-0E00-4490-B7DC-024E114BA147} = {BC6C2A37-0E40-4D65-BE82-9E8E90314F6B}
		{A9B8ECC6-6229-4981-B952-DDE67D22396F} = {BC6C2A37-0E40-4D65-BE82-9E8E90314F6B}
		{B23E2725-AA04-4D22-8105-3C3DFE583781} = {C6E562FD-E4B3-45CC-9CD4-8B8AE098FC06}
		{D3D9D0CE-6903-4B89-9A95-4C7CD1EE2EB9} = {BC6C2A37-0E40-4D65-BE82-9E8E90314F6B}
		{4EE06052-D102-49AF-B2A2-02F5A00D394E} = {BC6C2A37-0E40-4D65-BE82-9E8E90314F6B}
		{6D06C5A2-FB4A-49D6-83EA-F38E16775717} = {20D02CE5-3A59-4D5B-BCFE-50594C753E2F}
	EndGlobalSection
	GlobalSection(ExtensibilityGlobals) = postSolution
		SolutionGuid = {DCE01881-2F02-409C-A381-208DE29DAB48}
	EndGlobalSection
EndGlobal
